
Microsoft Visual Studio Solution File, Format Version 12.00
# Visual Studio Version 16
VisualStudioVersion = 16.0.31515.178
MinimumVisualStudioVersion = 10.0.40219.1
Project("{FAE04EC0-301F-11D3-BF4B-00C04F79EFBC}") = "PizzaOrderApp", "PizzaOrderApp\PizzaOrderApp.csproj", "{5912278D-F3E3-4309-B295-25DC69665720}"
EndProject
Global
	GlobalSection(SolutionConfigurationPlatforms) = preSolution
		Debug|Any CPU = Debug|Any CPU
		Release|Any CPU = Release|Any CPU
	EndGlobalSection
	GlobalSection(ProjectConfigurationPlatforms) = postSolution
		{5912278D-F3E3-4309-B295-25DC69665720}.Debug|Any CPU.ActiveCfg = Debug|Any CPU
		{5912278D-F3E3-4309-B295-25DC69665720}.Debug|Any CPU.Build.0 = Debug|Any CPU
		{5912278D-F3E3-4309-B295-25DC69665720}.Release|Any CPU.ActiveCfg = Release|Any CPU
		{5912278D-F3E3-4309-B295-25DC69665720}.Release|Any CPU.Build.0 = Release|Any CPU
	EndGlobalSection
	GlobalSection(SolutionProperties) = preSolution
		HideSolutionNode = FALSE
	EndGlobalSection
	GlobalSection(ExtensibilityGlobals) = postSolution
		SolutionGuid = {A76A5BE1-3CC3-4243-893A-276536B5F7F3}
	EndGlobalSection
EndGlobal
